Microsoft Visual Studio Solution File, Format Version 12.00
# Visual Studio Version 17
VisualStudioVersion = 17.5.2.0
MinimumVisualStudioVersion = 10.0.40219.1
Project("{FAE04EC0-301F-11D3-BF4B-00C04F79EFBC}") = "Musicaa", "Musicaa.csproj", "{9B002152-1522-C5CB-C8F7-3B77DFE7F08B}"
EndProject
Global
	GlobalSection(SolutionConfigurationPlatforms) = preSolution
		Debug|Any CPU = Debug|Any CPU
		Release|Any CPU = Release|Any CPU
	EndGlobalSection
	GlobalSection(ProjectConfigurationPlatforms) = postSolution
		{9B002152-1522-C5CB-C8F7-3B77DFE7F08B}.Debug|Any CPU.ActiveCfg = Debug|Any CPU
		{9B002152-1522-C5CB-C8F7-3B77DFE7F08B}.Debug|Any CPU.Build.0 = Debug|Any CPU
		{9B002152-1522-C5CB-C8F7-3B77DFE7F08B}.Release|Any CPU.ActiveCfg = Release|Any CPU
		{9B002152-1522-C5CB-C8F7-3B77DFE7F08B}.Release|Any CPU.Build.0 = Release|Any CPU
	EndGlobalSection
	GlobalSection(SolutionProperties) = preSolution
		HideSolutionNode = FALSE
	EndGlobalSection
	GlobalSection(ExtensibilityGlobals) = postSolution
		SolutionGuid = {41F763C6-12CE-4D84-9F93-6987004CE899}
	EndGlobalSection
EndGlobal
